
Microsoft Visual Studio Solution File, Format Version 12.00
# Visual Studio Version 16
VisualStudioVersion = 16.0.30804.86
MinimumVisualStudioVersion = 10.0.40219.1
Project("{9A19103F-16F7-4668-BE54-9A1E7A4F7556}") = "LW.XtramileSolutionsTest", "LW.XtramileSolutionsTest\LW.XtramileSolutionsTest.csproj", "{1B6C8380-3181-42E8-BE6D-FB375A3408CA}"
EndProject
Project("{9A19103F-16F7-4668-BE54-9A1E7A4F7556}") = "LW.XtramileSolutionsTest.Services", "LW.XtramileSolutionsTest.Services\LW.XtramileSolutionsTest.Services.csproj", "{8ADBD1F1-2A07-4C7E-9CA7-78656269BBD2}"
EndProject
Project("{E24C65DC-7377-472B-9ABA-BC803B73C61A}") = "WebApp", "WebApp\", "{C94863BA-29B2-4216-A11E-B9D3CB656A07}"
	ProjectSection(WebsiteProperties) = preProject
		TargetFrameworkMoniker = ".NETFramework,Version%3Dv4.0"
		Debug.AspNetCompiler.VirtualPath = "/localhost_63846"
		Debug.AspNetCompiler.PhysicalPath = "WebApp\"
		Debug.AspNetCompiler.TargetPath = "PrecompiledWeb\localhost_63846\"
		Debug.AspNetCompiler.Updateable = "true"
		Debug.AspNetCompiler.ForceOverwrite = "true"
		Debug.AspNetCompiler.FixedNames = "false"
		Debug.AspNetCompiler.Debug = "True"
		Release.AspNetCompiler.VirtualPath = "/localhost_63846"
		Release.AspNetCompiler.PhysicalPath = "WebApp\"
		Release.AspNetCompiler.TargetPath = "PrecompiledWeb\localhost_63846\"
		Release.AspNetCompiler.Updateable = "true"
		Release.AspNetCompiler.ForceOverwrite = "true"
		Release.AspNetCompiler.FixedNames = "false"
		Release.AspNetCompiler.Debug = "False"
		VWDPort = "63846"
	EndProjectSection
EndProject
Global
	GlobalSection(SolutionConfigurationPlatforms) = preSolution
		Debug|Any CPU = Debug|Any CPU
		Release|Any CPU = Release|Any CPU
	EndGlobalSection
	GlobalSection(ProjectConfigurationPlatforms) = postSolution
		{1B6C8380-3181-42E8-BE6D-FB375A3408CA}.Debug|Any CPU.ActiveCfg = Debug|Any CPU
		{1B6C8380-3181-42E8-BE6D-FB375A3408CA}.Debug|Any CPU.Build.0 = Debug|Any CPU
		{1B6C8380-3181-42E8-BE6D-FB375A3408CA}.Release|Any CPU.ActiveCfg = Release|Any CPU
		{1B6C8380-3181-42E8-BE6D-FB375A3408CA}.Release|Any CPU.Build.0 = Release|Any CPU
		{8ADBD1F1-2A07-4C7E-9CA7-78656269BBD2}.Debug|Any CPU.ActiveCfg = Debug|Any CPU
		{8ADBD1F1-2A07-4C7E-9CA7-78656269BBD2}.Debug|Any CPU.Build.0 = Debug|Any CPU
		{8ADBD1F1-2A07-4C7E-9CA7-78656269BBD2}.Release|Any CPU.ActiveCfg = Release|Any CPU
		{8ADBD1F1-2A07-4C7E-9CA7-78656269BBD2}.Release|Any CPU.Build.0 = Release|Any CPU
		{C94863BA-29B2-4216-A11E-B9D3CB656A07}.Debug|Any CPU.ActiveCfg = Debug|Any CPU
		{C94863BA-29B2-4216-A11E-B9D3CB656A07}.Debug|Any CPU.Build.0 = Debug|Any CPU
		{C94863BA-29B2-4216-A11E-B9D3CB656A07}.Release|Any CPU.ActiveCfg = Debug|Any CPU
		{C94863BA-29B2-4216-A11E-B9D3CB656A07}.Release|Any CPU.Build.0 = Debug|Any CPU
	EndGlobalSection
	GlobalSection(SolutionProperties) = preSolution
		HideSolutionNode = FALSE
	EndGlobalSection
	GlobalSection(ExtensibilityGlobals) = postSolution
		SolutionGuid = {0AB625C9-38DC-4FB2-BFF0-974768DF6CAC}
	EndGlobalSection
EndGlobal
